<?xml version="1.0" encoding="UTF-8"?>
<Scheme
   LastUpgradeVersion = "1130"
   version = "1.3">
   <BuildAction
      parallelizeBuildables = "YES"
      buildImplicitDependencies = "YES">
      <BuildActionEntries>
         <BuildActionEntry
            buildForTesting = "YES"
            buildForRunning = "YES"
            buildForProfiling = "YES"
            buildForArchiving = "YES"
            buildForAnalyzing = "YES">
            <BuildableReference
               BuildableIdentifier = "primary"
               BlueprintIdentifier = "FA3CB4F3245910C900C1FCC9"
               BuildableName = "weather-relay"
               BlueprintName = "weather-relay"
               ReferencedContainer = "container:weather-relay.xcodeproj">
            </BuildableReference>
         </BuildActionEntry>
      </BuildActionEntries>
   </BuildAction>
   <TestAction
      buildConfiguration = "Debug"
      selectedDebuggerIdentifier = "Xcode.DebuggerFoundation.Debugger.LLDB"
      selectedLauncherIdentifier = "Xcode.DebuggerFoundation.Launcher.LLDB"
      shouldUseLaunchSchemeArgsEnv = "YES">
      <Testables>
      </Testables>
   </TestAction>
   <LaunchAction
      buildConfiguration = "Debug"
      selectedDebuggerIdentifier = "Xcode.DebuggerFoundation.Debugger.LLDB"
      selectedLauncherIdentifier = "Xcode.DebuggerFoundation.Launcher.LLDB"
      launchStyle = "0"
      useCustomWorkingDirectory = "NO"
      ignoresPersistentStateOnLaunch = "NO"
      debugDocumentVersioning = "YES"
      debugServiceExtension = "internal"
      allowLocationSimulation = "YES">
      <BuildableProductRunnable
         runnableDebuggingMode = "0">
         <BuildableReference
            BuildableIdentifier = "primary"
            BlueprintIdentifier = "FA3CB4F3245910C900C1FCC9"
            BuildableName = "weather-relay"
            BlueprintName = "weather-relay"
            ReferencedContainer = "container:weather-relay.xcodeproj">
         </BuildableReference>
      </BuildableProductRunnable>
      <CommandLineArguments>
         <CommandLineArgument
            argument = "-e /dev/cu.usbserial-0001"
            isEnabled = "YES">
         </CommandLineArgument>
         <CommandLineArgument
            argument = "-l &quot;/Users/alex/Desktop/wxlogtest.log&quot;"
            isEnabled = "YES">
         </CommandLineArgument>
         <CommandLineArgument
            argument = "-w &quot;/Users/alex/Desktop/wx.history&quot;"
            isEnabled = "YES">
         </CommandLineArgument>
         <CommandLineArgument
            argument = "-x"
            isEnabled = "YES">
         </CommandLineArgument>
         <CommandLineArgument
            argument = "-d"
            isEnabled = "NO">
         </CommandLineArgument>
         <CommandLineArgument
            argument = "--baro 0.34"
            isEnabled = "NO">
         </CommandLineArgument>
         <CommandLineArgument
            argument = "--temp 3.033333333333333"
            isEnabled = "NO">
         </CommandLineArgument>
         <CommandLineArgument
            argument = "-v"
            isEnabled = "NO">
         </CommandLineArgument>
         <CommandLineArgument
            argument = "-H"
            isEnabled = "NO">
         </CommandLineArgument>
      </CommandLineArguments>
   </LaunchAction>
   <ProfileAction
      buildConfiguration = "Release"
      shouldUseLaunchSchemeArgsEnv = "YES"
      savedToolIdentifier = ""
      useCustomWorkingDirectory = "NO"
      debugDocumentVersioning = "YES">
      <MacroExpansion>
         <BuildableReference
            BuildableIdentifier = "primary"
            BlueprintIdentifier = "FA3CB4F3245910C900C1FCC9"
            BuildableName = "weather-relay"
            BlueprintName = "weather-relay"
            ReferencedContainer = "container:weather-relay.xcodeproj">
         </BuildableReference>
      </MacroExpansion>
   </ProfileAction>
   <AnalyzeAction
      buildConfiguration = "Debug">
   </AnalyzeAction>
   <ArchiveAction
      buildConfiguration = "Release"
      revealArchiveInOrganizer = "YES">
   </ArchiveAction>
</Scheme>
